
Microsoft Visual Studio Solution File, Format Version 12.00
# Visual Studio Version 17
VisualStudioVersion = 17.7.34221.43
MinimumVisualStudioVersion = 10.0.40219.1
Project("{888888A0-9F3D-457C-B088-3A5042F75D52}") = "PythonApps", "PythonApps.pyproj", "{C68E9A61-BBB6-4D03-A1A2-FEC9BADF3D35}"
EndProject
Global
	GlobalSection(SolutionConfigurationPlatforms) = preSolution
		Debug|Any CPU = Debug|Any CPU
		Release|Any CPU = Release|Any CPU
	EndGlobalSection
	GlobalSection(ProjectConfigurationPlatforms) = postSolution
		{C68E9A61-BBB6-4D03-A1A2-FEC9BADF3D35}.Debug|Any CPU.ActiveCfg = Debug|Any CPU
		{C68E9A61-BBB6-4D03-A1A2-FEC9BADF3D35}.Release|Any CPU.ActiveCfg = Release|Any CPU
	EndGlobalSection
	GlobalSection(SolutionProperties) = preSolution
		HideSolutionNode = FALSE
	EndGlobalSection
	GlobalSection(ExtensibilityGlobals) = postSolution
		SolutionGuid = {EC0A5E0A-2804-4FF5-8097-7E63B68C57CC}
	EndGlobalSection
EndGlobal
